// !$*UTF8*$!
{
	archiveVersion = 1;
	classes = {
	};
	objectVersion = 50;
	objects = {

/* Begin PBXBuildFile section */
		3D0BB96022C264A80085C34A /* centerCircle.png in Resources */ = {isa = PBXBuildFile; fileRef = 3D0BB95F22C264A80085C34A /* centerCircle.png */; };
		3D380B8F22BC596900845279 /* AppIcon.appiconset in Resources */ = {isa = PBXBuildFile; fileRef = 3D380B8E22BC596900845279 /* AppIcon.appiconset */; };
		3D380B9122BC620D00845279 /* Images.xcassets in Resources */ = {isa = PBXBuildFile; fileRef = 3D380B9022BC620D00845279 /* Images.xcassets */; };
		3D91C33422D68C8000297365 /* UIKit.framework in Frameworks */ = {isa = PBXBuildFile; fileRef = 3D91C33322D68C8000297365 /* UIKit.framework */; };
		3DA1747D22E94016000959BC /* shutter_click.mp3 in Resources */ = {isa = PBXBuildFile; fileRef = 3DA1747C22E94016000959BC /* shutter_click.mp3 */; };
		3DA57FFF22BAB9D000F952CA /* AppDelegate.swift in Sources */ = {isa = PBXBuildFile; fileRef = 3DA57FFE22BAB9D000F952CA /* AppDelegate.swift */; };
		3DA5800122BAB9D000F952CA /* ViewController.swift in Sources */ = {isa = PBXBuildFile; fileRef = 3DA5800022BAB9D000F952CA /* ViewController.swift */; };
		3DA5800422BAB9D000F952CA /* Main.storyboard in Resources */ = {isa = PBXBuildFile; fileRef = 3DA5800222BAB9D000F952CA /* Main.storyboard */; };
		3DA5800722BAB9D000F952CA /* Iphone_BIO_Camera.xcdatamodeld in Sources */ = {isa = PBXBuildFile; fileRef = 3DA5800522BAB9D000F952CA /* Iphone_BIO_Camera.xcdatamodeld */; };
		3DA5800922BAB9D100F952CA /* Assets.xcassets in Resources */ = {isa = PBXBuildFile; fileRef = 3DA5800822BAB9D100F952CA /* Assets.xcassets */; };
		3DA5800C22BAB9D100F952CA /* LaunchScreen.storyboard in Resources */ = {isa = PBXBuildFile; fileRef = 3DA5800A22BAB9D100F952CA /* LaunchScreen.storyboard */; };
/* End PBXBuildFile section */

/* Begin PBXFileReference section */
		3D0BB95F22C264A80085C34A /* centerCircle.png */ = {isa = PBXFileReference; lastKnownFileType = image.png; path = centerCircle.png; sourceTree = "<group>"; };
		3D380B8E22BC596900845279 /* AppIcon.appiconset */ = {isa = PBXFileReference; lastKnownFileType = folder; path = AppIcon.appiconset; sourceTree = "<group>"; };
		3D380B9022BC620D00845279 /* Images.xcassets */ = {isa = PBXFileReference; lastKnownFileType = folder.assetcatalog; path = Images.xcassets; sourceTree = "<group>"; };
		3D91C33322D68C8000297365 /* UIKit.framework */ = {isa = PBXFileReference; lastKnownFileType = wrapper.framework; name = UIKit.framework; path = System/Library/Frameworks/UIKit.framework; sourceTree = SDKROOT; };
		3DA1747C22E94016000959BC /* shutter_click.mp3 */ = {isa = PBXFileReference; lastKnownFileType = audio.mp3; path = shutter_click.mp3; sourceTree = "<group>"; };
		3DA57FFB22BAB9D000F952CA /* Iphone_BIO_Camera.app */ = {isa = PBXFileReference; explicitFileType = wrapper.application; includeInIndex = 0; path = Iphone_BIO_Camera.app; sourceTree = BUILT_PRODUCTS_DIR; };
		3DA57FFE22BAB9D000F952CA /* AppDelegate.swift */ = {isa = PBXFileReference; lastKnownFileType = sourcecode.swift; path = AppDelegate.swift; sourceTree = "<group>"; };
		3DA5800022BAB9D000F952CA /* ViewController.swift */ = {isa = PBXFileReference; lastKnownFileType = sourcecode.swift; path = ViewController.swift; sourceTree = "<group>"; };
		3DA5800322BAB9D000F952CA /* Base */ = {isa = PBXFileReference; lastKnownFileType = file.storyboard; name = Base; path = Base.lproj/Main.storyboard; sourceTree = "<group>"; };
		3DA5800622BAB9D000F952CA /* ReplicateCameraView.xcdatamodel */ = {isa = PBXFileReference; lastKnownFileType = wrapper.xcdatamodel; path = ReplicateCameraView.xcdatamodel; sourceTree = "<group>"; };
		3DA5800822BAB9D100F952CA /* Assets.xcassets */ = {isa = PBXFileReference; lastKnownFileType = folder.assetcatalog; path = Assets.xcassets; sourceTree = "<group>"; };
		3DA5800B22BAB9D100F952CA /* Base */ = {isa = PBXFileReference; lastKnownFileType = file.storyboard; name = Base; path = Base.lproj/LaunchScreen.storyboard; sourceTree = "<group>"; };
		3DA5800D22BAB9D100F952CA /* Info.plist */ = {isa = PBXFileReference; lastKnownFileType = text.plist.xml; path = Info.plist; sourceTree = "<group>"; };
/* End PBXFileReference section */

/* Begin PBXFrameworksBuildPhase section */
		3DA57FF822BAB9D000F952CA /* Frameworks */ = {
			isa = PBXFrameworksBuildPhase;
			buildActionMask = 2147483647;
			files = (
				3D91C33422D68C8000297365 /* UIKit.framework in Frameworks */,
			);
			runOnlyForDeploymentPostprocessing = 0;
		};
/* End PBXFrameworksBuildPhase section */

/* Begin PBXGroup section */
		3D91C33222D68C8000297365 /* Frameworks */ = {
			isa = PBXGroup;
			children = (
				3D91C33322D68C8000297365 /* UIKit.framework */,
			);
			name = Frameworks;
			sourceTree = "<group>";
		};
		3DA57FF222BAB9D000F952CA = {
			isa = PBXGroup;
			children = (
				3DA57FFD22BAB9D000F952CA /* Iphone_BIO_Camera */,
				3DA57FFC22BAB9D000F952CA /* Products */,
				3D91C33222D68C8000297365 /* Frameworks */,
			);
			sourceTree = "<group>";
		};
		3DA57FFC22BAB9D000F952CA /* Products */ = {
			isa = PBXGroup;
			children = (
				3DA57FFB22BAB9D000F952CA /* Iphone_BIO_Camera.app */,
			);
			name = Products;
			sourceTree = "<group>";
		};
		3DA57FFD22BAB9D000F952CA /* Iphone_BIO_Camera */ = {
			isa = PBXGroup;
			children = (
				3DA1747C22E94016000959BC /* shutter_click.mp3 */,
				3DA57FFE22BAB9D000F952CA /* AppDelegate.swift */,
				3DA5800022BAB9D000F952CA /* ViewController.swift */,
				3D0BB95F22C264A80085C34A /* centerCircle.png */,
				3DA5800222BAB9D000F952CA /* Main.storyboard */,
				3DA5800822BAB9D100F952CA /* Assets.xcassets */,
				3D380B8E22BC596900845279 /* AppIcon.appiconset */,
				3DA5800A22BAB9D100F952CA /* LaunchScreen.storyboard */,
				3DA5800D22BAB9D100F952CA /* Info.plist */,
				3DA5800522BAB9D000F952CA /* Iphone_BIO_Camera.xcdatamodeld */,
				3D380B9022BC620D00845279 /* Images.xcassets */,
			);
			path = Iphone_BIO_Camera;
			sourceTree = "<group>";
		};
/* End PBXGroup section */

/* Begin PBXNativeTarget section */
		3DA57FFA22BAB9D000F952CA /* Iphone_BIO_Camera */ = {
			isa = PBXNativeTarget;
			buildConfigurationList = 3DA5801022BAB9D100F952CA /* Build configuration list for PBXNativeTarget "Iphone_BIO_Camera" */;
			buildPhases = (
				3DA57FF722BAB9D000F952CA /* Sources */,
				3DA57FF822BAB9D000F952CA /* Frameworks */,
				3DA57FF922BAB9D000F952CA /* Resources */,
			);
			buildRules = (
			);
			dependencies = (
			);
			name = Iphone_BIO_Camera;
			productName = ReplicateCameraView;
			productReference = 3DA57FFB22BAB9D000F952CA /* Iphone_BIO_Camera.app */;
			productType = "com.apple.product-type.application";
		};
/* End PBXNativeTarget section */

/* Begin PBXProject section */
		3DA57FF322BAB9D000F952CA /* Project object */ = {
			isa = PBXProject;
			attributes = {
				LastSwiftUpdateCheck = 1020;
				LastUpgradeCheck = 1020;
				ORGANIZATIONNAME = "Howard Ellenberger";
				TargetAttributes = {
					3DA57FFA22BAB9D000F952CA = {
						CreatedOnToolsVersion = 10.2.1;
					};
				};
			};
			buildConfigurationList = 3DA57FF622BAB9D000F952CA /* Build configuration list for PBXProject "Iphone_BIO_Camera" */;
			compatibilityVersion = "Xcode 9.3";
			developmentRegion = en;
			hasScannedForEncodings = 0;
			knownRegions = (
				en,
				Base,
			);
			mainGroup = 3DA57FF222BAB9D000F952CA;
			productRefGroup = 3DA57FFC22BAB9D000F952CA /* Products */;
			projectDirPath = "";
			projectRoot = "";
			targets = (
				3DA57FFA22BAB9D000F952CA /* Iphone_BIO_Camera */,
			);
		};
/* End PBXProject section */

/* Begin PBXResourcesBuildPhase section */
		3DA57FF922BAB9D000F952CA /* Resources */ = {
			isa = PBXResourcesBuildPhase;
			buildActionMask = 2147483647;
			files = (
				3D380B8F22BC596900845279 /* AppIcon.appiconset in Resources */,
				3D380B9122BC620D00845279 /* Images.xcassets in Resources */,
				3DA5800C22BAB9D100F952CA /* LaunchScreen.storyboard in Resources */,
				3D0BB96022C264A80085C34A /* centerCircle.png in Resources */,
				3DA1747D22E94016000959BC /* shutter_click.mp3 in Resources */,
				3DA5800922BAB9D100F952CA /* Assets.xcassets in Resources */,
				3DA5800422BAB9D000F952CA /* Main.storyboard in Resources */,
			);
			runOnlyForDeploymentPostprocessing = 0;
		};
/* End PBXResourcesBuildPhase section */

/* Begin PBXSourcesBuildPhase section */
		3DA57FF722BAB9D000F952CA /* Sources */ = {
			isa = PBXSourcesBuildPhase;
			buildActionMask = 2147483647;
			files = (
				3DA5800122BAB9D000F952CA /* ViewController.swift in Sources */,
				3DA5800722BAB9D000F952CA /* Iphone_BIO_Camera.xcdatamodeld in Sources */,
				3DA57FFF22BAB9D000F952CA /* AppDelegate.swift in Sources */,
			);
			runOnlyForDeploymentPostprocessing = 0;
		};
/* End PBXSourcesBuildPhase section */

/* Begin PBXVariantGroup section */
		3DA5800222BAB9D000F952CA /* Main.storyboard */ = {
			isa = PBXVariantGroup;
			children = (
				3DA5800322BAB9D000F952CA /* Base */,
			);
			name = Main.storyboard;
			sourceTree = "<group>";
		};
		3DA5800A22BAB9D100F952CA /* LaunchScreen.storyboard */ = {
			isa = PBXVariantGroup;
			children = (
				3DA5800B22BAB9D100F952CA /* Base */,
			);
			name = LaunchScreen.storyboard;
			sourceTree = "<group>";
		};
/* End PBXVariantGroup section */

/* Begin XCBuildConfiguration section */
		3DA5800E22BAB9D100F952CA /* Debug */ = {
			isa = XCBuildConfiguration;
			buildSettings = {
				ALWAYS_SEARCH_USER_PATHS = NO;
				CLANG_ANALYZER_NONNULL = YES;
				CLANG_ANALYZER_NUMBER_OBJECT_CONVERSION = YES_AGGRESSIVE;
				CLANG_CXX_LANGUAGE_STANDARD = "gnu++14";
				CLANG_CXX_LIBRARY = "libc++";
				CLANG_ENABLE_MODULES = YES;
				CLANG_ENABLE_OBJC_ARC = YES;
				CLANG_ENABLE_OBJC_WEAK = YES;
				CLANG_WARN_BLOCK_CAPTURE_AUTORELEASING = YES;
				CLANG_WARN_BOOL_CONVERSION = YES;
				CLANG_WARN_COMMA = YES;
				CLANG_WARN_CONSTANT_CONVERSION = YES;
				CLANG_WARN_DEPRECATED_OBJC_IMPLEMENTATIONS = YES;
				CLANG_WARN_DIRECT_OBJC_ISA_USAGE = YES_ERROR;
				CLANG_WARN_DOCUMENTATION_COMMENTS = YES;
				CLANG_WARN_EMPTY_BODY = YES;
				CLANG_WARN_ENUM_CONVERSION = YES;
				CLANG_WARN_INFINITE_RECURSION = YES;
				CLANG_WARN_INT_CONVERSION = YES;
				CLANG_WARN_NON_LITERAL_NULL_CONVERSION = YES;
				CLANG_WARN_OBJC_IMPLICIT_RETAIN_SELF = YES;
				CLANG_WARN_OBJC_LITERAL_CONVERSION = YES;
				CLANG_WARN_OBJC_ROOT_CLASS = YES_ERROR;
				CLANG_WARN_RANGE_LOOP_ANALYSIS = YES;
				CLANG_WARN_STRICT_PROTOTYPES = YES;
				CLANG_WARN_SUSPICIOUS_MOVE = YES;
				CLANG_WARN_UNGUARDED_AVAILABILITY = YES_AGGRESSIVE;
				CLANG_WARN_UNREACHABLE_CODE = YES;
				CLANG_WARN__DUPLICATE_METHOD_MATCH = YES;
				CODE_SIGN_IDENTITY = "iPhone Developer";
				COPY_PHASE_STRIP = NO;
				DEBUG_INFORMATION_FORMAT = dwarf;
				ENABLE_STRICT_OBJC_MSGSEND = YES;
				ENABLE_TESTABILITY = YES;
				GCC_C_LANGUAGE_STANDARD = gnu11;
				GCC_DYNAMIC_NO_PIC = NO;
				GCC_NO_COMMON_BLOCKS = YES;
				GCC_OPTIMIZATION_LEVEL = 0;
				GCC_PREPROCESSOR_DEFINITIONS = (
					"DEBUG=1",
					"$(inherited)",
				);
				GCC_WARN_64_TO_32_BIT_CONVERSION = YES;
				GCC_WARN_ABOUT_RETURN_TYPE = YES_ERROR;
				GCC_WARN_UNDECLARED_SELECTOR = YES;
				GCC_WARN_UNINITIALIZED_AUTOS = YES_AGGRESSIVE;
				GCC_WARN_UNUSED_FUNCTION = YES;
				GCC_WARN_UNUSED_VARIABLE = YES;
				IPHONEOS_DEPLOYMENT_TARGET = 12.2;
				MTL_ENABLE_DEBUG_INFO = INCLUDE_SOURCE;
				MTL_FAST_MATH = YES;
				ONLY_ACTIVE_ARCH = YES;
				PRODUCT_BUNDLE_IDENTIFIER = Iphone_BIO_Camera;
				PRODUCT_NAME = Iphone_BIO_Camera;
				SDKROOT = iphoneos;
				SWIFT_ACTIVE_COMPILATION_CONDITIONS = DEBUG;
				SWIFT_OPTIMIZATION_LEVEL = "-Onone";
			};
			name = Debug;
		};
		3DA5800F22BAB9D100F952CA /* Release */ = {
			isa = XCBuildConfiguration;
			buildSettings = {
				ALWAYS_SEARCH_USER_PATHS = NO;
				CLANG_ANALYZER_NONNULL = YES;
				CLANG_ANALYZER_NUMBER_OBJECT_CONVERSION = YES_AGGRESSIVE;
				CLANG_CXX_LANGUAGE_STANDARD = "gnu++14";
				CLANG_CXX_LIBRARY = "libc++";
				CLANG_ENABLE_MODULES = YES;
				CLANG_ENABLE_OBJC_ARC = YES;
				CLANG_ENABLE_OBJC_WEAK = YES;
				CLANG_WARN_BLOCK_CAPTURE_AUTORELEASING = YES;
				CLANG_WARN_BOOL_CONVERSION = YES;
				CLANG_WARN_COMMA = YES;
				CLANG_WARN_CONSTANT_CONVERSION = YES;
				CLANG_WARN_DEPRECATED_OBJC_IMPLEMENTATIONS = YES;
				CLANG_WARN_DIRECT_OBJC_ISA_USAGE = YES_ERROR;
				CLANG_WARN_DOCUMENTATION_COMMENTS = YES;
				CLANG_WARN_EMPTY_BODY = YES;
				CLANG_WARN_ENUM_CONVERSION = YES;
				CLANG_WARN_INFINITE_RECURSION = YES;
				CLANG_WARN_INT_CONVERSION = YES;
				CLANG_WARN_NON_LITERAL_NULL_CONVERSION = YES;
				CLANG_WARN_OBJC_IMPLICIT_RETAIN_SELF = YES;
				CLANG_WARN_OBJC_LITERAL_CONVERSION = YES;
				CLANG_WARN_OBJC_ROOT_CLASS = YES_ERROR;
				CLANG_WARN_RANGE_LOOP_ANALYSIS = YES;
				CLANG_WARN_STRICT_PROTOTYPES = YES;
				CLANG_WARN_SUSPICIOUS_MOVE = YES;
				CLANG_WARN_UNGUARDED_AVAILABILITY = YES_AGGRESSIVE;
				CLANG_WARN_UNREACHABLE_CODE = YES;
				CLANG_WARN__DUPLICATE_METHOD_MATCH = YES;
				CODE_SIGN_IDENTITY = "iPhone Developer";
				COPY_PHASE_STRIP = NO;
				DEBUG_INFORMATION_FORMAT = "dwarf-with-dsym";
				ENABLE_NS_ASSERTIONS = NO;
				ENABLE_STRICT_OBJC_MSGSEND = YES;
				GCC_C_LANGUAGE_STANDARD = gnu11;
				GCC_NO_COMMON_BLOCKS = YES;
				GCC_WARN_64_TO_32_BIT_CONVERSION = YES;
				GCC_WARN_ABOUT_RETURN_TYPE = YES_ERROR;
				GCC_WARN_UNDECLARED_SELECTOR = YES;
				GCC_WARN_UNINITIALIZED_AUTOS = YES_AGGRESSIVE;
				GCC_WARN_UNUSED_FUNCTION = YES;
				GCC_WARN_UNUSED_VARIABLE = YES;
				IPHONEOS_DEPLOYMENT_TARGET = 12.2;
				MTL_ENABLE_DEBUG_INFO = NO;
				MTL_FAST_MATH = YES;
				PRODUCT_BUNDLE_IDENTIFIER = Iphone_BIO_Camera;
				PRODUCT_NAME = Iphone_BIO_Camera;
				SDKROOT = iphoneos;
				SWIFT_COMPILATION_MODE = wholemodule;
				SWIFT_OPTIMIZATION_LEVEL = "-O";
				VALIDATE_PRODUCT = YES;
			};
			name = Release;
		};
		3DA5801122BAB9D100F952CA /* Debug */ = {
			isa = XCBuildConfiguration;
			buildSettings = {
				ASSETCATALOG_COMPILER_APPICON_NAME = AppIcon;
				ASSETCATALOG_COMPILER_LAUNCHIMAGE_NAME = "";
				CODE_SIGN_STYLE = Automatic;
				DEVELOPMENT_TEAM = S4D83HCYW4;
				INFOPLIST_FILE = Iphone_BIO_Camera/Info.plist;
				LD_RUNPATH_SEARCH_PATHS = (
					"$(inherited)",
					"@executable_path/Frameworks",
				);
				PRODUCT_BUNDLE_IDENTIFIER = com.howard.retinaAI.;
				PRODUCT_NAME = "$(TARGET_NAME)";
				SWIFT_VERSION = 5.0;
				TARGETED_DEVICE_FAMILY = 1;
			};
			name = Debug;
		};
		3DA5801222BAB9D100F952CA /* Release */ = {
			isa = XCBuildConfiguration;
			buildSettings = {
				ASSETCATALOG_COMPILER_APPICON_NAME = AppIcon;
				ASSETCATALOG_COMPILER_LAUNCHIMAGE_NAME = "";
				CODE_SIGN_STYLE = Automatic;
				DEVELOPMENT_TEAM = S4D83HCYW4;
				INFOPLIST_FILE = Iphone_BIO_Camera/Info.plist;
				LD_RUNPATH_SEARCH_PATHS = (
					"$(inherited)",
					"@executable_path/Frameworks",
				);
				PRODUCT_BUNDLE_IDENTIFIER = com.howard.retinaAI.;
				PRODUCT_NAME = "$(TARGET_NAME)";
				SWIFT_VERSION = 5.0;
				TARGETED_DEVICE_FAMILY = 1;
			};
			name = Release;
		};
/* End XCBuildConfiguration section */

/* Begin XCConfigurationList section */
		3DA57FF622BAB9D000F952CA /* Build configuration list for PBXProject "Iphone_BIO_Camera" */ = {
			isa = XCConfigurationList;
			buildConfigurations = (
				3DA5800E22BAB9D100F952CA /* Debug */,
				3DA5800F22BAB9D100F952CA /* Release */,
			);
			defaultConfigurationIsVisible = 0;
			defaultConfigurationName = Release;
		};
		3DA5801022BAB9D100F952CA /* Build configuration list for PBXNativeTarget "Iphone_BIO_Camera" */ = {
			isa = XCConfigurationList;
			buildConfigurations = (
				3DA5801122BAB9D100F952CA /* Debug */,
				3DA5801222BAB9D100F952CA /* Release */,
			);
			defaultConfigurationIsVisible = 0;
			defaultConfigurationName = Release;
		};
/* End XCConfigurationList section */

/* Begin XCVersionGroup section */
		3DA5800522BAB9D000F952CA /* Iphone_BIO_Camera.xcdatamodeld */ = {
			isa = XCVersionGroup;
			children = (
				3DA5800622BAB9D000F952CA /* ReplicateCameraView.xcdatamodel */,
			);
			currentVersion = 3DA5800622BAB9D000F952CA /* ReplicateCameraView.xcdatamodel */;
			path = Iphone_BIO_Camera.xcdatamodeld;
			sourceTree = "<group>";
			versionGroupType = wrapper.xcdatamodel;
		};
/* End XCVersionGroup section */
	};
	rootObject = 3DA57FF322BAB9D000F952CA /* Project object */;
}
